SOURCE_REPO=https://github.com/padavanonly/immortalwrt-mt798x-6.6.git
SOURCE_BRANCH=openwrt-24.10-6.6
SOURCE_COMMIT=899cb039525836545bc4b0a80062a49de3991a83
PACKAGES_COMMIT=116683679fb7f318dfcb9b8802fff34881a9b064
LUCI_COMMIT=3f4af2f0aa5359651350f91934874c0465342ee1
ROUTING_COMMIT=cd05be684e670095d20663d1c41766cf8b54de61
TELEPHONY_COMMIT=92892fa285360b8981f62bf4e0a097e6449e7e33
HELLOWORLD_COMMIT=4c9db8282f27fa030932b2d66010cff5158aaf60
OPENCLASH_VERSION=0.47.071
MIHOMO_VERSION=v1.19.27
MIHOMO_URL=https://github.com/MetaCubeX/mihomo/releases/download/v1.19.27/mihomo-linux-arm64-v1.19.27.gz
MIHOMO_GZ_SHA256=87db0c6660a9557a901b5750f997967e71d8c0af07ea1d1dd4d04c28da7f7e6f
MIHOMO_BIN_SHA256=1322d55156f4f1f7dcbdccaa34c7fabf6a4f2831d584454c197d364f7f760d2e
META_RULES_REPO=https://github.com/MetaCubeX/meta-rules-dat.git
META_RULES_GENERATION_COMMIT=53397981e300cb873d3963e7a9ad52fdd8ee3d75
META_RULES_RELEASE_COMMIT=a556b9bea13f473d21cda371db7f61a0e339eb74
GEOIP_SHA256=8861a9794696b481fb0043ee782b2c40e80bfc86bb9e42c5bd69c08f5483b1b5
GEOSITE_SHA256=0dfb529fd8930b6ee6eaef47cb41c47000cfac7909a8edfc557dffcb5a5cf166
COUNTRY_MMDB_SHA256=960289460fae7c91e07fa6bdee64c1adbf48e19da7672595dc08c98654120b72
ASN_MMDB_SHA256=12ded33d168ce4a616af83a4a37476a4c76b6f7ad4b784bce417ed2bdd5ecea8

